// !$*UTF8*$!
{
	archiveVersion = 1;
	classes = {
	};
	objectVersion = 56;
	objects = {

/* Begin PBXBuildFile section */
		93D79B572BE2677C00707DA2 /* ImageCachingItem.swift in Sources */ = {isa = PBXBuildFile; fileRef = 93D79B562BE2677C00707DA2 /* ImageCachingItem.swift */; };
		93D79B5A2BE2691300707DA2 /* README.md in Resources */ = {isa = PBXBuildFile; fileRef = 93D79B592BE2691300707DA2 /* README.md */; };
		93D79B5D2BE26D4300707DA2 /* WebService.swift in Sources */ = {isa = PBXBuildFile; fileRef = 93D79B5C2BE26D4300707DA2 /* WebService.swift */; };
		93D79B602BE2764100707DA2 /* String+Extension.swift in Sources */ = {isa = PBXBuildFile; fileRef = 93D79B5F2BE2764100707DA2 /* String+Extension.swift */; };
		93D79B622BE276AD00707DA2 /* UICollectionView+Extension.swift in Sources */ = {isa = PBXBuildFile; fileRef = 93D79B612BE276AD00707DA2 /* UICollectionView+Extension.swift */; };
		93D79B642BE2772C00707DA2 /* ImageCachingViewModel.swift in Sources */ = {isa = PBXBuildFile; fileRef = 93D79B632BE2772C00707DA2 /* ImageCachingViewModel.swift */; };
		93D79B662BE2777700707DA2 /* ImageCachingCellViewModel.swift in Sources */ = {isa = PBXBuildFile; fileRef = 93D79B652BE2777700707DA2 /* ImageCachingCellViewModel.swift */; };
		93D79B692BE27DF000707DA2 /* ImageCachingCVCell.swift in Sources */ = {isa = PBXBuildFile; fileRef = 93D79B672BE27DF000707DA2 /* ImageCachingCVCell.swift */; };
		93D79B6A2BE27DF000707DA2 /* ImageCachingCVCell.xib in Resources */ = {isa = PBXBuildFile; fileRef = 93D79B682BE27DF000707DA2 /* ImageCachingCVCell.xib */; };
		93EACEB42BDE7B8200187FB2 /* AppDelegate.swift in Sources */ = {isa = PBXBuildFile; fileRef = 93EACEB32BDE7B8200187FB2 /* AppDelegate.swift */; };
		93EACEB82BDE7B8200187FB2 /* ViewController.swift in Sources */ = {isa = PBXBuildFile; fileRef = 93EACEB72BDE7B8200187FB2 /* ViewController.swift */; };
		93EACEBB2BDE7B8200187FB2 /* Main.storyboard in Resources */ = {isa = PBXBuildFile; fileRef = 93EACEB92BDE7B8200187FB2 /* Main.storyboard */; };
		93EACEBD2BDE7B8400187FB2 /* Assets.xcassets in Resources */ = {isa = PBXBuildFile; fileRef = 93EACEBC2BDE7B8400187FB2 /* Assets.xcassets */; };
		93EACEC02BDE7B8400187FB2 /* LaunchScreen.storyboard in Resources */ = {isa = PBXBuildFile; fileRef = 93EACEBE2BDE7B8400187FB2 /* LaunchScreen.storyboard */; };
/* End PBXBuildFile section */

/* Begin PBXFileReference section */
		93D79B562BE2677C00707DA2 /* ImageCachingItem.swift */ = {isa = PBXFileReference; lastKnownFileType = sourcecode.swift; path = ImageCachingItem.swift; sourceTree = "<group>"; };
		93D79B592BE2691300707DA2 /* README.md */ = {isa = PBXFileReference; fileEncoding = 4; lastKnownFileType = net.daringfireball.markdown; path = README.md; sourceTree = "<group>"; };
		93D79B5C2BE26D4300707DA2 /* WebService.swift */ = {isa = PBXFileReference; lastKnownFileType = sourcecode.swift; path = WebService.swift; sourceTree = "<group>"; };
		93D79B5F2BE2764100707DA2 /* String+Extension.swift */ = {isa = PBXFileReference; lastKnownFileType = sourcecode.swift; path = "String+Extension.swift"; sourceTree = "<group>"; };
		93D79B612BE276AD00707DA2 /* UICollectionView+Extension.swift */ = {isa = PBXFileReference; lastKnownFileType = sourcecode.swift; path = "UICollectionView+Extension.swift"; sourceTree = "<group>"; };
		93D79B632BE2772C00707DA2 /* ImageCachingViewModel.swift */ = {isa = PBXFileReference; lastKnownFileType = sourcecode.swift; path = ImageCachingViewModel.swift; sourceTree = "<group>"; };
		93D79B652BE2777700707DA2 /* ImageCachingCellViewModel.swift */ = {isa = PBXFileReference; lastKnownFileType = sourcecode.swift; path = ImageCachingCellViewModel.swift; sourceTree = "<group>"; };
		93D79B672BE27DF000707DA2 /* ImageCachingCVCell.swift */ = {isa = PBXFileReference; lastKnownFileType = sourcecode.swift; path = ImageCachingCVCell.swift; sourceTree = "<group>"; };
		93D79B682BE27DF000707DA2 /* ImageCachingCVCell.xib */ = {isa = PBXFileReference; lastKnownFileType = file.xib; path = ImageCachingCVCell.xib; sourceTree = "<group>"; };
		93EACEB02BDE7B8200187FB2 /* ImageCacheAssessment.app */ = {isa = PBXFileReference; explicitFileType = wrapper.application; includeInIndex = 0; path = ImageCacheAssessment.app; sourceTree = BUILT_PRODUCTS_DIR; };
		93EACEB32BDE7B8200187FB2 /* AppDelegate.swift */ = {isa = PBXFileReference; lastKnownFileType = sourcecode.swift; path = AppDelegate.swift; sourceTree = "<group>"; };
		93EACEB72BDE7B8200187FB2 /* ViewController.swift */ = {isa = PBXFileReference; lastKnownFileType = sourcecode.swift; path = ViewController.swift; sourceTree = "<group>"; };
		93EACEBA2BDE7B8200187FB2 /* Base */ = {isa = PBXFileReference; lastKnownFileType = file.storyboard; name = Base; path = Base.lproj/Main.storyboard; sourceTree = "<group>"; };
		93EACEBC2BDE7B8400187FB2 /* Assets.xcassets */ = {isa = PBXFileReference; lastKnownFileType = folder.assetcatalog; path = Assets.xcassets; sourceTree = "<group>"; };
		93EACEBF2BDE7B8400187FB2 /* Base */ = {isa = PBXFileReference; lastKnownFileType = file.storyboard; name = Base; path = Base.lproj/LaunchScreen.storyboard; sourceTree = "<group>"; };
		93EACEC12BDE7B8400187FB2 /* Info.plist */ = {isa = PBXFileReference; lastKnownFileType = text.plist.xml; path = Info.plist; sourceTree = "<group>"; };
/* End PBXFileReference section */

/* Begin PBXFrameworksBuildPhase section */
		93EACEAD2BDE7B8200187FB2 /* Frameworks */ = {
			isa = PBXFrameworksBuildPhase;
			buildActionMask = 2147483647;
			files = (
			);
			runOnlyForDeploymentPostprocessing = 0;
		};
/* End PBXFrameworksBuildPhase section */

/* Begin PBXGroup section */
		93D79B502BE2612100707DA2 /* AppDelegate */ = {
			isa = PBXGroup;
			children = (
				93EACEB32BDE7B8200187FB2 /* AppDelegate.swift */,
			);
			path = AppDelegate;
			sourceTree = "<group>";
		};
		93D79B512BE2613600707DA2 /* ViewControllers */ = {
			isa = PBXGroup;
			children = (
				93EACEB72BDE7B8200187FB2 /* ViewController.swift */,
				93EACEB92BDE7B8200187FB2 /* Main.storyboard */,
			);
			path = ViewControllers;
			sourceTree = "<group>";
		};
		93D79B522BE2615300707DA2 /* Views */ = {
			isa = PBXGroup;
			children = (
				93EACEBE2BDE7B8400187FB2 /* LaunchScreen.storyboard */,
				93D79B6B2BE28DE300707DA2 /* ImageCachingCVCell */,
			);
			path = Views;
			sourceTree = "<group>";
		};
		93D79B532BE2616700707DA2 /* Models */ = {
			isa = PBXGroup;
			children = (
				93D79B562BE2677C00707DA2 /* ImageCachingItem.swift */,
			);
			path = Models;
			sourceTree = "<group>";
		};
		93D79B542BE2617200707DA2 /* ViewModels */ = {
			isa = PBXGroup;
			children = (
				93D79B632BE2772C00707DA2 /* ImageCachingViewModel.swift */,
				93D79B652BE2777700707DA2 /* ImageCachingCellViewModel.swift */,
			);
			path = ViewModels;
			sourceTree = "<group>";
		};
		93D79B552BE2646200707DA2 /* Resources */ = {
			isa = PBXGroup;
			children = (
				93EACEBC2BDE7B8400187FB2 /* Assets.xcassets */,
			);
			path = Resources;
			sourceTree = "<group>";
		};
		93D79B5B2BE26D1500707DA2 /* Services */ = {
			isa = PBXGroup;
			children = (
				93D79B5C2BE26D4300707DA2 /* WebService.swift */,
			);
			path = Services;
			sourceTree = "<group>";
		};
		93D79B5E2BE2762C00707DA2 /* Extensions */ = {
			isa = PBXGroup;
			children = (
				93D79B5F2BE2764100707DA2 /* String+Extension.swift */,
				93D79B612BE276AD00707DA2 /* UICollectionView+Extension.swift */,
			);
			path = Extensions;
			sourceTree = "<group>";
		};
		93D79B6B2BE28DE300707DA2 /* ImageCachingCVCell */ = {
			isa = PBXGroup;
			children = (
				93D79B672BE27DF000707DA2 /* ImageCachingCVCell.swift */,
				93D79B682BE27DF000707DA2 /* ImageCachingCVCell.xib */,
			);
			path = ImageCachingCVCell;
			sourceTree = "<group>";
		};
		93EACEA72BDE7B8200187FB2 = {
			isa = PBXGroup;
			children = (
				93D79B592BE2691300707DA2 /* README.md */,
				93EACEB22BDE7B8200187FB2 /* ImageCacheAssessment */,
				93EACEB12BDE7B8200187FB2 /* Products */,
			);
			sourceTree = "<group>";
		};
		93EACEB12BDE7B8200187FB2 /* Products */ = {
			isa = PBXGroup;
			children = (
				93EACEB02BDE7B8200187FB2 /* ImageCacheAssessment.app */,
			);
			name = Products;
			sourceTree = "<group>";
		};
		93EACEB22BDE7B8200187FB2 /* ImageCacheAssessment */ = {
			isa = PBXGroup;
			children = (
				93D79B5E2BE2762C00707DA2 /* Extensions */,
				93D79B502BE2612100707DA2 /* AppDelegate */,
				93D79B5B2BE26D1500707DA2 /* Services */,
				93D79B512BE2613600707DA2 /* ViewControllers */,
				93D79B532BE2616700707DA2 /* Models */,
				93D79B522BE2615300707DA2 /* Views */,
				93D79B542BE2617200707DA2 /* ViewModels */,
				93D79B552BE2646200707DA2 /* Resources */,
				93EACEC12BDE7B8400187FB2 /* Info.plist */,
			);
			path = ImageCacheAssessment;
			sourceTree = "<group>";
		};
/* End PBXGroup section */

/* Begin PBXNativeTarget section */
		93EACEAF2BDE7B8200187FB2 /* ImageCacheAssessment */ = {
			isa = PBXNativeTarget;
			buildConfigurationList = 93EACEC42BDE7B8400187FB2 /* Build configuration list for PBXNativeTarget "ImageCacheAssessment" */;
			buildPhases = (
				93EACEAC2BDE7B8200187FB2 /* Sources */,
				93EACEAD2BDE7B8200187FB2 /* Frameworks */,
				93EACEAE2BDE7B8200187FB2 /* Resources */,
			);
			buildRules = (
			);
			dependencies = (
			);
			name = ImageCacheAssessment;
			productName = ImageCacheAssessment;
			productReference = 93EACEB02BDE7B8200187FB2 /* ImageCacheAssessment.app */;
			productType = "com.apple.product-type.application";
		};
/* End PBXNativeTarget section */

/* Begin PBXProject section */
		93EACEA82BDE7B8200187FB2 /* Project object */ = {
			isa = PBXProject;
			attributes = {
				BuildIndependentTargetsInParallel = 1;
				LastSwiftUpdateCheck = 1420;
				LastUpgradeCheck = 1420;
				TargetAttributes = {
					93EACEAF2BDE7B8200187FB2 = {
						CreatedOnToolsVersion = 14.2;
					};
				};
			};
			buildConfigurationList = 93EACEAB2BDE7B8200187FB2 /* Build configuration list for PBXProject "ImageCacheAssessment" */;
			compatibilityVersion = "Xcode 14.0";
			developmentRegion = en;
			hasScannedForEncodings = 0;
			knownRegions = (
				en,
				Base,
			);
			mainGroup = 93EACEA72BDE7B8200187FB2;
			productRefGroup = 93EACEB12BDE7B8200187FB2 /* Products */;
			projectDirPath = "";
			projectRoot = "";
			targets = (
				93EACEAF2BDE7B8200187FB2 /* ImageCacheAssessment */,
			);
		};
/* End PBXProject section */

/* Begin PBXResourcesBuildPhase section */
		93EACEAE2BDE7B8200187FB2 /* Resources */ = {
			isa = PBXResourcesBuildPhase;
			buildActionMask = 2147483647;
			files = (
				93D79B6A2BE27DF000707DA2 /* ImageCachingCVCell.xib in Resources */,
				93EACEC02BDE7B8400187FB2 /* LaunchScreen.storyboard in Resources */,
				93EACEBD2BDE7B8400187FB2 /* Assets.xcassets in Resources */,
				93D79B5A2BE2691300707DA2 /* README.md in Resources */,
				93EACEBB2BDE7B8200187FB2 /* Main.storyboard in Resources */,
			);
			runOnlyForDeploymentPostprocessing = 0;
		};
/* End PBXResourcesBuildPhase section */

/* Begin PBXSourcesBuildPhase section */
		93EACEAC2BDE7B8200187FB2 /* Sources */ = {
			isa = PBXSourcesBuildPhase;
			buildActionMask = 2147483647;
			files = (
				93D79B622BE276AD00707DA2 /* UICollectionView+Extension.swift in Sources */,
				93D79B572BE2677C00707DA2 /* ImageCachingItem.swift in Sources */,
				93D79B642BE2772C00707DA2 /* ImageCachingViewModel.swift in Sources */,
				93EACEB82BDE7B8200187FB2 /* ViewController.swift in Sources */,
				93D79B5D2BE26D4300707DA2 /* WebService.swift in Sources */,
				93D79B602BE2764100707DA2 /* String+Extension.swift in Sources */,
				93D79B662BE2777700707DA2 /* ImageCachingCellViewModel.swift in Sources */,
				93EACEB42BDE7B8200187FB2 /* AppDelegate.swift in Sources */,
				93D79B692BE27DF000707DA2 /* ImageCachingCVCell.swift in Sources */,
			);
			runOnlyForDeploymentPostprocessing = 0;
		};
/* End PBXSourcesBuildPhase section */

/* Begin PBXVariantGroup section */
		93EACEB92BDE7B8200187FB2 /* Main.storyboard */ = {
			isa = PBXVariantGroup;
			children = (
				93EACEBA2BDE7B8200187FB2 /* Base */,
			);
			name = Main.storyboard;
			sourceTree = "<group>";
		};
		93EACEBE2BDE7B8400187FB2 /* LaunchScreen.storyboard */ = {
			isa = PBXVariantGroup;
			children = (
				93EACEBF2BDE7B8400187FB2 /* Base */,
			);
			name = LaunchScreen.storyboard;
			sourceTree = "<group>";
		};
/* End PBXVariantGroup section */

/* Begin XCBuildConfiguration section */
		93EACEC22BDE7B8400187FB2 /* Debug */ = {
			isa = XCBuildConfiguration;
			buildSettings = {
				ALWAYS_SEARCH_USER_PATHS = NO;
				CLANG_ANALYZER_NONNULL = YES;
				CLANG_ANALYZER_NUMBER_OBJECT_CONVERSION = YES_AGGRESSIVE;
				CLANG_CXX_LANGUAGE_STANDARD = "gnu++20";
				CLANG_ENABLE_MODULES = YES;
				CLANG_ENABLE_OBJC_ARC = YES;
				CLANG_ENABLE_OBJC_WEAK = YES;
				CLANG_WARN_BLOCK_CAPTURE_AUTORELEASING = YES;
				CLANG_WARN_BOOL_CONVERSION = YES;
				CLANG_WARN_COMMA = YES;
				CLANG_WARN_CONSTANT_CONVERSION = YES;
				CLANG_WARN_DEPRECATED_OBJC_IMPLEMENTATIONS = YES;
				CLANG_WARN_DIRECT_OBJC_ISA_USAGE = YES_ERROR;
				CLANG_WARN_DOCUMENTATION_COMMENTS = YES;
				CLANG_WARN_EMPTY_BODY = YES;
				CLANG_WARN_ENUM_CONVERSION = YES;
				CLANG_WARN_INFINITE_RECURSION = YES;
				CLANG_WARN_INT_CONVERSION = YES;
				CLANG_WARN_NON_LITERAL_NULL_CONVERSION = YES;
				CLANG_WARN_OBJC_IMPLICIT_RETAIN_SELF = YES;
				CLANG_WARN_OBJC_LITERAL_CONVERSION = YES;
				CLANG_WARN_OBJC_ROOT_CLASS = YES_ERROR;
				CLANG_WARN_QUOTED_INCLUDE_IN_FRAMEWORK_HEADER = YES;
				CLANG_WARN_RANGE_LOOP_ANALYSIS = YES;
				CLANG_WARN_STRICT_PROTOTYPES = YES;
				CLANG_WARN_SUSPICIOUS_MOVE = YES;
				CLANG_WARN_UNGUARDED_AVAILABILITY = YES_AGGRESSIVE;
				CLANG_WARN_UNREACHABLE_CODE = YES;
				CLANG_WARN__DUPLICATE_METHOD_MATCH = YES;
				COPY_PHASE_STRIP = NO;
				DEBUG_INFORMATION_FORMAT = dwarf;
				ENABLE_STRICT_OBJC_MSGSEND = YES;
				ENABLE_TESTABILITY = YES;
				GCC_C_LANGUAGE_STANDARD = gnu11;
				GCC_DYNAMIC_NO_PIC = NO;
				GCC_NO_COMMON_BLOCKS = YES;
				GCC_OPTIMIZATION_LEVEL = 0;
				GCC_PREPROCESSOR_DEFINITIONS = (
					"DEBUG=1",
					"$(inherited)",
				);
				GCC_WARN_64_TO_32_BIT_CONVERSION = YES;
				GCC_WARN_ABOUT_RETURN_TYPE = YES_ERROR;
				GCC_WARN_UNDECLARED_SELECTOR = YES;
				GCC_WARN_UNINITIALIZED_AUTOS = YES_AGGRESSIVE;
				GCC_WARN_UNUSED_FUNCTION = YES;
				GCC_WARN_UNUSED_VARIABLE = YES;
				IPHONEOS_DEPLOYMENT_TARGET = 16.2;
				MTL_ENABLE_DEBUG_INFO = INCLUDE_SOURCE;
				MTL_FAST_MATH = YES;
				ONLY_ACTIVE_ARCH = YES;
				SDKROOT = iphoneos;
				SWIFT_ACTIVE_COMPILATION_CONDITIONS = DEBUG;
				SWIFT_OPTIMIZATION_LEVEL = "-Onone";
			};
			name = Debug;
		};
		93EACEC32BDE7B8400187FB2 /* Release */ = {
			isa = XCBuildConfiguration;
			buildSettings = {
				ALWAYS_SEARCH_USER_PATHS = NO;
				CLANG_ANALYZER_NONNULL = YES;
				CLANG_ANALYZER_NUMBER_OBJECT_CONVERSION = YES_AGGRESSIVE;
				CLANG_CXX_LANGUAGE_STANDARD = "gnu++20";
				CLANG_ENABLE_MODULES = YES;
				CLANG_ENABLE_OBJC_ARC = YES;
				CLANG_ENABLE_OBJC_WEAK = YES;
				CLANG_WARN_BLOCK_CAPTURE_AUTORELEASING = YES;
				CLANG_WARN_BOOL_CONVERSION = YES;
				CLANG_WARN_COMMA = YES;
				CLANG_WARN_CONSTANT_CONVERSION = YES;
				CLANG_WARN_DEPRECATED_OBJC_IMPLEMENTATIONS = YES;
				CLANG_WARN_DIRECT_OBJC_ISA_USAGE = YES_ERROR;
				CLANG_WARN_DOCUMENTATION_COMMENTS = YES;
				CLANG_WARN_EMPTY_BODY = YES;
				CLANG_WARN_ENUM_CONVERSION = YES;
				CLANG_WARN_INFINITE_RECURSION = YES;
				CLANG_WARN_INT_CONVERSION = YES;
				CLANG_WARN_NON_LITERAL_NULL_CONVERSION = YES;
				CLANG_WARN_OBJC_IMPLICIT_RETAIN_SELF = YES;
				CLANG_WARN_OBJC_LITERAL_CONVERSION = YES;
				CLANG_WARN_OBJC_ROOT_CLASS = YES_ERROR;
				CLANG_WARN_QUOTED_INCLUDE_IN_FRAMEWORK_HEADER = YES;
				CLANG_WARN_RANGE_LOOP_ANALYSIS = YES;
				CLANG_WARN_STRICT_PROTOTYPES = YES;
				CLANG_WARN_SUSPICIOUS_MOVE = YES;
				CLANG_WARN_UNGUARDED_AVAILABILITY = YES_AGGRESSIVE;
				CLANG_WARN_UNREACHABLE_CODE = YES;
				CLANG_WARN__DUPLICATE_METHOD_MATCH = YES;
				COPY_PHASE_STRIP = NO;
				DEBUG_INFORMATION_FORMAT = "dwarf-with-dsym";
				ENABLE_NS_ASSERTIONS = NO;
				ENABLE_STRICT_OBJC_MSGSEND = YES;
				GCC_C_LANGUAGE_STANDARD = gnu11;
				GCC_NO_COMMON_BLOCKS = YES;
				GCC_WARN_64_TO_32_BIT_CONVERSION = YES;
				GCC_WARN_ABOUT_RETURN_TYPE = YES_ERROR;
				GCC_WARN_UNDECLARED_SELECTOR = YES;
				GCC_WARN_UNINITIALIZED_AUTOS = YES_AGGRESSIVE;
				GCC_WARN_UNUSED_FUNCTION = YES;
				GCC_WARN_UNUSED_VARIABLE = YES;
				IPHONEOS_DEPLOYMENT_TARGET = 16.2;
				MTL_ENABLE_DEBUG_INFO = NO;
				MTL_FAST_MATH = YES;
				SDKROOT = iphoneos;
				SWIFT_COMPILATION_MODE = wholemodule;
				SWIFT_OPTIMIZATION_LEVEL = "-O";
				VALIDATE_PRODUCT = YES;
			};
			name = Release;
		};
		93EACEC52BDE7B8400187FB2 /* Debug */ = {
			isa = XCBuildConfiguration;
			buildSettings = {
				ASSETCATALOG_COMPILER_APPICON_NAME = AppIcon;
				ASSETCATALOG_COMPILER_GLOBAL_ACCENT_COLOR_NAME = AccentColor;
				CODE_SIGN_STYLE = Automatic;
				CURRENT_PROJECT_VERSION = 1;
				GENERATE_INFOPLIST_FILE = YES;
				INFOPLIST_FILE = ImageCacheAssessment/Info.plist;
				INFOPLIST_KEY_UIApplicationSupportsIndirectInputEvents = YES;
				INFOPLIST_KEY_UILaunchStoryboardName = LaunchScreen;
				INFOPLIST_KEY_UIMainStoryboardFile = Main;
				INFOPLIST_KEY_UISupportedInterfaceOrientations_iPad = "UIInterfaceOrientationPortrait UIInterfaceOrientationPortraitUpsideDown UIInterfaceOrientationLandscapeLeft UIInterfaceOrientationLandscapeRight";
				INFOPLIST_KEY_UISupportedInterfaceOrientations_iPhone = "UIInterfaceOrientationPortrait UIInterfaceOrientationLandscapeLeft UIInterfaceOrientationLandscapeRight";
				LD_RUNPATH_SEARCH_PATHS = (
					"$(inherited)",
					"@executable_path/Frameworks",
				);
				MARKETING_VERSION = 1.0;
				PRODUCT_BUNDLE_IDENTIFIER = SatyaranjanMohapatra.ImageCacheAssessment;
				PRODUCT_NAME = "$(TARGET_NAME)";
				SWIFT_EMIT_LOC_STRINGS = YES;
				SWIFT_VERSION = 5.0;
				TARGETED_DEVICE_FAMILY = "1,2";
			};
			name = Debug;
		};
		93EACEC62BDE7B8400187FB2 /* Release */ = {
			isa = XCBuildConfiguration;
			buildSettings = {
				ASSETCATALOG_COMPILER_APPICON_NAME = AppIcon;
				ASSETCATALOG_COMPILER_GLOBAL_ACCENT_COLOR_NAME = AccentColor;
				CODE_SIGN_STYLE = Automatic;
				CURRENT_PROJECT_VERSION = 1;
				GENERATE_INFOPLIST_FILE = YES;
				INFOPLIST_FILE = ImageCacheAssessment/Info.plist;
				INFOPLIST_KEY_UIApplicationSupportsIndirectInputEvents = YES;
				INFOPLIST_KEY_UILaunchStoryboardName = LaunchScreen;
				INFOPLIST_KEY_UIMainStoryboardFile = Main;
				INFOPLIST_KEY_UISupportedInterfaceOrientations_iPad = "UIInterfaceOrientationPortrait UIInterfaceOrientationPortraitUpsideDown UIInterfaceOrientationLandscapeLeft UIInterfaceOrientationLandscapeRight";
				INFOPLIST_KEY_UISupportedInterfaceOrientations_iPhone = "UIInterfaceOrientationPortrait UIInterfaceOrientationLandscapeLeft UIInterfaceOrientationLandscapeRight";
				LD_RUNPATH_SEARCH_PATHS = (
					"$(inherited)",
					"@executable_path/Frameworks",
				);
				MARKETING_VERSION = 1.0;
				PRODUCT_BUNDLE_IDENTIFIER = SatyaranjanMohapatra.ImageCacheAssessment;
				PRODUCT_NAME = "$(TARGET_NAME)";
				SWIFT_EMIT_LOC_STRINGS = YES;
				SWIFT_VERSION = 5.0;
				TARGETED_DEVICE_FAMILY = "1,2";
			};
			name = Release;
		};
/* End XCBuildConfiguration section */

/* Begin XCConfigurationList section */
		93EACEAB2BDE7B8200187FB2 /* Build configuration list for PBXProject "ImageCacheAssessment" */ = {
			isa = XCConfigurationList;
			buildConfigurations = (
				93EACEC22BDE7B8400187FB2 /* Debug */,
				93EACEC32BDE7B8400187FB2 /* Release */,
			);
			defaultConfigurationIsVisible = 0;
			defaultConfigurationName = Release;
		};
		93EACEC42BDE7B8400187FB2 /* Build configuration list for PBXNativeTarget "ImageCacheAssessment" */ = {
			isa = XCConfigurationList;
			buildConfigurations = (
				93EACEC52BDE7B8400187FB2 /* Debug */,
				93EACEC62BDE7B8400187FB2 /* Release */,
			);
			defaultConfigurationIsVisible = 0;
			defaultConfigurationName = Release;
		};
/* End XCConfigurationList section */
	};
	rootObject = 93EACEA82BDE7B8200187FB2 /* Project object */;
}
